PODS:
  - Mockingjay (3.0.0-alpha.1):
    - Mockingjay/Core (= 3.0.0-alpha.1)
    - Mockingjay/XCTest (= 3.0.0-alpha.1)
  - Mockingjay/Core (3.0.0-alpha.1):
    - URITemplate (~> 3.0)
  - Mockingjay/XCTest (3.0.0-alpha.1):
    - Mockingjay/Core
  - SwiftLint (0.42.0)
  - URITemplate (3.0.0)

DEPENDENCIES:
  - Mockingjay (= 3.0.0-alpha.1)
  - SwiftLint (~> 0.28)

SPEC REPOS:
  trunk:
    - Mockingjay
    - SwiftLint
    - URITemplate

SPEC CHECKSUMS:
  Mockingjay: 0f7c5aa49c7f1b95621cee3c79b557141f5a225c
  SwiftLint: 4fa9579c63416865179bc416f0a92d55f009600d
  URITemplate: 58e0d47f967006c5d59888af5356c4a8ed3b197d

PODFILE CHECKSUM: 8032a64b9d05b0e204a87cfba9e1f3ea03f0f236

COCOAPODS: 1.10.1
