// !$*UTF8*$!
{
	archiveVersion = 1;
	classes = {
	};
	objectVersion = 50;
	objects = {

/* Begin PBXBuildFile section */
		7252E19221A25FB8000B5855 /* CreateSessionTests.swift in Sources */ = {isa = PBXBuildFile; fileRef = 7252E19121A25FB8000B5855 /* CreateSessionTests.swift */; };
		7252E19421A260EC000B5855 /* AppiumSwiftClientTestBase.swift in Sources */ = {isa = PBXBuildFile; fileRef = 7252E19321A260EC000B5855 /* AppiumSwiftClientTestBase.swift */; };
		7252E19621A261AA000B5855 /* GetCapabilitiesTests.swift in Sources */ = {isa = PBXBuildFile; fileRef = 7252E19521A261AA000B5855 /* GetCapabilitiesTests.swift */; };
		7252E1A021A29C4D000B5855 /* AppiumFuncTests.swift in Sources */ = {isa = PBXBuildFile; fileRef = 7252E19F21A29C4D000B5855 /* AppiumFuncTests.swift */; };
		7252E1A221A29C4D000B5855 /* libAppiumSwiftClient.a in Frameworks */ = {isa = PBXBuildFile; fileRef = 726196852194929600730A67 /* libAppiumSwiftClient.a */; };
		7252E1AD21A2A19B000B5855 /* UICatalog.app.zip in Resources */ = {isa = PBXBuildFile; fileRef = 7252E1AC21A2A19B000B5855 /* UICatalog.app.zip */; };
		7252E1B121A43307000B5855 /* FindElementTests.swift in Sources */ = {isa = PBXBuildFile; fileRef = 7252E1B021A43307000B5855 /* FindElementTests.swift */; };
		7252E1B321A43C96000B5855 /* FindElementsTests.swift in Sources */ = {isa = PBXBuildFile; fileRef = 7252E1B221A43C96000B5855 /* FindElementsTests.swift */; };
		7252E1B521A4407A000B5855 /* ClickTests.swift in Sources */ = {isa = PBXBuildFile; fileRef = 7252E1B421A4407A000B5855 /* ClickTests.swift */; };
		726196892194929600730A67 /* AppiumSwiftClient.swift in Sources */ = {isa = PBXBuildFile; fileRef = 726196882194929600730A67 /* AppiumSwiftClient.swift */; };
		726196962194948900730A67 /* AppiumSwiftClientUnitTests.swift in Sources */ = {isa = PBXBuildFile; fileRef = 726196952194948900730A67 /* AppiumSwiftClientUnitTests.swift */; };
		726196982194948900730A67 /* libAppiumSwiftClient.a in Frameworks */ = {isa = PBXBuildFile; fileRef = 726196852194929600730A67 /* libAppiumSwiftClient.a */; };
		726196A12194960D00730A67 /* Capabilities.swift in Sources */ = {isa = PBXBuildFile; fileRef = 726196A02194960D00730A67 /* Capabilities.swift */; };
		726196A4219499C400730A67 /* CapabilitiesTests.swift in Sources */ = {isa = PBXBuildFile; fileRef = 726196A3219499C400730A67 /* CapabilitiesTests.swift */; };
		726196A62195187F00730A67 /* driver.swift in Sources */ = {isa = PBXBuildFile; fileRef = 726196A52195187F00730A67 /* driver.swift */; };
		726196A821952CF300730A67 /* DriverTest.swift in Sources */ = {isa = PBXBuildFile; fileRef = 726196A721952CF300730A67 /* DriverTest.swift */; };
		726196AB219977D600730A67 /* CreateSession.swift in Sources */ = {isa = PBXBuildFile; fileRef = 726196AA219977D600730A67 /* CreateSession.swift */; };
		726196AD2199780800730A67 /* W3CCommands.swift in Sources */ = {isa = PBXBuildFile; fileRef = 726196AC2199780800730A67 /* W3CCommands.swift */; };
		726196B02199790A00730A67 /* Method.swift in Sources */ = {isa = PBXBuildFile; fileRef = 726196AF2199790A00730A67 /* Method.swift */; };
		726196B221997E4400730A67 /* Client.swift in Sources */ = {isa = PBXBuildFile; fileRef = 726196B121997E4400730A67 /* Client.swift */; };
		726196B52199BF9800730A67 /* CommandProtocol.swift in Sources */ = {isa = PBXBuildFile; fileRef = 726196B42199BF9800730A67 /* CommandProtocol.swift */; };
		726196B72199C1C900730A67 /* SearchContext.swift in Sources */ = {isa = PBXBuildFile; fileRef = 726196B62199C1C900730A67 /* SearchContext.swift */; };
		726196B92199C28300730A67 /* FindElement.swift in Sources */ = {isa = PBXBuildFile; fileRef = 726196B82199C28300730A67 /* FindElement.swift */; };
		726196BB2199C90E00730A67 /* Session.swift in Sources */ = {isa = PBXBuildFile; fileRef = 726196BA2199C90E00730A67 /* Session.swift */; };
		726196BD2199D67900730A67 /* Element.swift in Sources */ = {isa = PBXBuildFile; fileRef = 726196BC2199D67900730A67 /* Element.swift */; };
		726196BF2199D75700730A67 /* Click.swift in Sources */ = {isa = PBXBuildFile; fileRef = 726196BE2199D75700730A67 /* Click.swift */; };
		726196C1219A993E00730A67 /* WebDriverErrorEnum.swift in Sources */ = {isa = PBXBuildFile; fileRef = 726196C0219A993E00730A67 /* WebDriverErrorEnum.swift */; };
		726196C3219D30FA00730A67 /* CommandParamProtocol.swift in Sources */ = {isa = PBXBuildFile; fileRef = 726196C2219D30FA00730A67 /* CommandParamProtocol.swift */; };
		726196C6219D35F700730A67 /* WebDriverError.swift in Sources */ = {isa = PBXBuildFile; fileRef = 726196C5219D35F700730A67 /* WebDriverError.swift */; };
		726196C921A17B6C00730A67 /* FindElements.swift in Sources */ = {isa = PBXBuildFile; fileRef = 726196C821A17B6C00730A67 /* FindElements.swift */; };
		726196CB21A193CD00730A67 /* FindElementHelper.swift in Sources */ = {isa = PBXBuildFile; fileRef = 726196CA21A193CD00730A67 /* FindElementHelper.swift */; };
		72686A9B21A1B3670042D385 /* GetCapabilities.swift in Sources */ = {isa = PBXBuildFile; fileRef = 72686A9A21A1B3670042D385 /* GetCapabilities.swift */; };
		B56734569980A912ACF56DD3 /* Pods_AppiumFuncTests.framework in Frameworks */ = {isa = PBXBuildFile; fileRef = A6E6ECFC48DFA5AE5D6A70AC /* Pods_AppiumFuncTests.framework */; };
		E28580FF8C70AAAB238380C8 /* Pods_AppiumSwiftClient.framework in Frameworks */ = {isa = PBXBuildFile; fileRef = B97571B30B80D0F7CDF96796 /* Pods_AppiumSwiftClient.framework */; };
		EC5272DF704D29C639E20678 /* Pods_AppiumSwiftClientUnitTests.framework in Frameworks */ = {isa = PBXBuildFile; fileRef = 4C4D6C775222B615F1F73876 /* Pods_AppiumSwiftClientUnitTests.framework */; };
/* End PBXBuildFile section */

/* Begin PBXContainerItemProxy section */
		7252E1A321A29C4D000B5855 /* PBXContainerItemProxy */ = {
			isa = PBXContainerItemProxy;
			containerPortal = 7261967D2194929600730A67 /* Project object */;
			proxyType = 1;
			remoteGlobalIDString = 726196842194929600730A67;
			remoteInfo = AppiumSwiftClient;
		};
		726196992194948900730A67 /* PBXContainerItemProxy */ = {
			isa = PBXContainerItemProxy;
			containerPortal = 7261967D2194929600730A67 /* Project object */;
			proxyType = 1;
			remoteGlobalIDString = 726196842194929600730A67;
			remoteInfo = AppiumSwiftClient;
		};
/* End PBXContainerItemProxy section */

/* Begin PBXCopyFilesBuildPhase section */
		726196832194929600730A67 /* CopyFiles */ = {
			isa = PBXCopyFilesBuildPhase;
			buildActionMask = 2147483647;
			dstPath = "include/$(PRODUCT_NAME)";
			dstSubfolderSpec = 16;
			files = (
			);
			runOnlyForDeploymentPostprocessing = 0;
		};
/* End PBXCopyFilesBuildPhase section */

/* Begin PBXFileReference section */
		43A7477AF1A78BA50897D0F9 /* Pods-AppiumSwiftClient.debug.xcconfig */ = {isa = PBXFileReference; includeInIndex = 1; lastKnownFileType = text.xcconfig; name = "Pods-AppiumSwiftClient.debug.xcconfig"; path = "Pods/Target Support Files/Pods-AppiumSwiftClient/Pods-AppiumSwiftClient.debug.xcconfig"; sourceTree = "<group>"; };
		4C4D6C775222B615F1F73876 /* Pods_AppiumSwiftClientUnitTests.framework */ = {isa = PBXFileReference; explicitFileType = wrapper.framework; includeInIndex = 0; path = Pods_AppiumSwiftClientUnitTests.framework; sourceTree = BUILT_PRODUCTS_DIR; };
		6B597A9FB3F011F41EC81483 /* Pods-AppiumFuncTests.release.xcconfig */ = {isa = PBXFileReference; includeInIndex = 1; lastKnownFileType = text.xcconfig; name = "Pods-AppiumFuncTests.release.xcconfig"; path = "Pods/Target Support Files/Pods-AppiumFuncTests/Pods-AppiumFuncTests.release.xcconfig"; sourceTree = "<group>"; };
		7252E19121A25FB8000B5855 /* CreateSessionTests.swift */ = {isa = PBXFileReference; lastKnownFileType = sourcecode.swift; path = CreateSessionTests.swift; sourceTree = "<group>"; };
		7252E19321A260EC000B5855 /* AppiumSwiftClientTestBase.swift */ = {isa = PBXFileReference; lastKnownFileType = sourcecode.swift; path = AppiumSwiftClientTestBase.swift; sourceTree = "<group>"; };
		7252E19521A261AA000B5855 /* GetCapabilitiesTests.swift */ = {isa = PBXFileReference; lastKnownFileType = sourcecode.swift; path = GetCapabilitiesTests.swift; sourceTree = "<group>"; };
		7252E19D21A29C4D000B5855 /* AppiumFuncTests.xctest */ = {isa = PBXFileReference; explicitFileType = wrapper.cfbundle; includeInIndex = 0; path = AppiumFuncTests.xctest; sourceTree = BUILT_PRODUCTS_DIR; };
		7252E19F21A29C4D000B5855 /* AppiumFuncTests.swift */ = {isa = PBXFileReference; lastKnownFileType = sourcecode.swift; path = AppiumFuncTests.swift; sourceTree = "<group>"; };
		7252E1A121A29C4D000B5855 /* Info.plist */ = {isa = PBXFileReference; lastKnownFileType = text.plist.xml; path = Info.plist; sourceTree = "<group>"; };
		7252E1AC21A2A19B000B5855 /* UICatalog.app.zip */ = {isa = PBXFileReference; lastKnownFileType = archive.zip; path = UICatalog.app.zip; sourceTree = "<group>"; };
		7252E1B021A43307000B5855 /* FindElementTests.swift */ = {isa = PBXFileReference; fileEncoding = 4; lastKnownFileType = sourcecode.swift; path = FindElementTests.swift; sourceTree = "<group>"; };
		7252E1B221A43C96000B5855 /* FindElementsTests.swift */ = {isa = PBXFileReference; lastKnownFileType = sourcecode.swift; path = FindElementsTests.swift; sourceTree = "<group>"; };
		7252E1B421A4407A000B5855 /* ClickTests.swift */ = {isa = PBXFileReference; lastKnownFileType = sourcecode.swift; path = ClickTests.swift; sourceTree = "<group>"; };
		726196852194929600730A67 /* libAppiumSwiftClient.a */ = {isa = PBXFileReference; explicitFileType = archive.ar; includeInIndex = 0; path = libAppiumSwiftClient.a; sourceTree = BUILT_PRODUCTS_DIR; };
		726196882194929600730A67 /* AppiumSwiftClient.swift */ = {isa = PBXFileReference; lastKnownFileType = sourcecode.swift; path = AppiumSwiftClient.swift; sourceTree = "<group>"; };
		726196932194948900730A67 /* AppiumSwiftClientUnitTests.xctest */ = {isa = PBXFileReference; explicitFileType = wrapper.cfbundle; includeInIndex = 0; path = AppiumSwiftClientUnitTests.xctest; sourceTree = BUILT_PRODUCTS_DIR; };
		726196952194948900730A67 /* AppiumSwiftClientUnitTests.swift */ = {isa = PBXFileReference; lastKnownFileType = sourcecode.swift; path = AppiumSwiftClientUnitTests.swift; sourceTree = "<group>"; };
		726196972194948900730A67 /* Info.plist */ = {isa = PBXFileReference; lastKnownFileType = text.plist.xml; path = Info.plist; sourceTree = "<group>"; };
		726196A02194960D00730A67 /* Capabilities.swift */ = {isa = PBXFileReference; lastKnownFileType = sourcecode.swift; path = Capabilities.swift; sourceTree = "<group>"; };
		726196A3219499C400730A67 /* CapabilitiesTests.swift */ = {isa = PBXFileReference; lastKnownFileType = sourcecode.swift; path = CapabilitiesTests.swift; sourceTree = "<group>"; };
		726196A52195187F00730A67 /* driver.swift */ = {isa = PBXFileReference; lastKnownFileType = sourcecode.swift; path = driver.swift; sourceTree = "<group>"; };
		726196A721952CF300730A67 /* DriverTest.swift */ = {isa = PBXFileReference; lastKnownFileType = sourcecode.swift; path = DriverTest.swift; sourceTree = "<group>"; };
		726196AA219977D600730A67 /* CreateSession.swift */ = {isa = PBXFileReference; lastKnownFileType = sourcecode.swift; path = CreateSession.swift; sourceTree = "<group>"; };
		726196AC2199780800730A67 /* W3CCommands.swift */ = {isa = PBXFileReference; lastKnownFileType = sourcecode.swift; path = W3CCommands.swift; sourceTree = "<group>"; };
		726196AF2199790A00730A67 /* Method.swift */ = {isa = PBXFileReference; lastKnownFileType = sourcecode.swift; path = Method.swift; sourceTree = "<group>"; };
		726196B121997E4400730A67 /* Client.swift */ = {isa = PBXFileReference; lastKnownFileType = sourcecode.swift; path = Client.swift; sourceTree = "<group>"; };
		726196B42199BF9800730A67 /* CommandProtocol.swift */ = {isa = PBXFileReference; lastKnownFileType = sourcecode.swift; path = CommandProtocol.swift; sourceTree = "<group>"; };
		726196B62199C1C900730A67 /* SearchContext.swift */ = {isa = PBXFileReference; lastKnownFileType = sourcecode.swift; path = SearchContext.swift; sourceTree = "<group>"; };
		726196B82199C28300730A67 /* FindElement.swift */ = {isa = PBXFileReference; lastKnownFileType = sourcecode.swift; path = FindElement.swift; sourceTree = "<group>"; };
		726196BA2199C90E00730A67 /* Session.swift */ = {isa = PBXFileReference; lastKnownFileType = sourcecode.swift; path = Session.swift; sourceTree = "<group>"; };
		726196BC2199D67900730A67 /* Element.swift */ = {isa = PBXFileReference; lastKnownFileType = sourcecode.swift; path = Element.swift; sourceTree = "<group>"; };
		726196BE2199D75700730A67 /* Click.swift */ = {isa = PBXFileReference; lastKnownFileType = sourcecode.swift; path = Click.swift; sourceTree = "<group>"; };
		726196C0219A993E00730A67 /* WebDriverErrorEnum.swift */ = {isa = PBXFileReference; lastKnownFileType = sourcecode.swift; path = WebDriverErrorEnum.swift; sourceTree = "<group>"; };
		726196C2219D30FA00730A67 /* CommandParamProtocol.swift */ = {isa = PBXFileReference; lastKnownFileType = sourcecode.swift; path = CommandParamProtocol.swift; sourceTree = "<group>"; };
		726196C5219D35F700730A67 /* WebDriverError.swift */ = {isa = PBXFileReference; lastKnownFileType = sourcecode.swift; path = WebDriverError.swift; sourceTree = "<group>"; };
		726196C821A17B6C00730A67 /* FindElements.swift */ = {isa = PBXFileReference; lastKnownFileType = sourcecode.swift; path = FindElements.swift; sourceTree = "<group>"; };
		726196CA21A193CD00730A67 /* FindElementHelper.swift */ = {isa = PBXFileReference; lastKnownFileType = sourcecode.swift; path = FindElementHelper.swift; sourceTree = "<group>"; };
		72686A9A21A1B3670042D385 /* GetCapabilities.swift */ = {isa = PBXFileReference; lastKnownFileType = sourcecode.swift; path = GetCapabilities.swift; sourceTree = "<group>"; };
		7786E63B28F1CA6CB9369CAD /* Pods-AppiumFuncTests.debug.xcconfig */ = {isa = PBXFileReference; includeInIndex = 1; lastKnownFileType = text.xcconfig; name = "Pods-AppiumFuncTests.debug.xcconfig"; path = "Pods/Target Support Files/Pods-AppiumFuncTests/Pods-AppiumFuncTests.debug.xcconfig"; sourceTree = "<group>"; };
		829351B1E5E17CE108DB2E0E /* Pods-AppiumSwiftClientUnitTests.release.xcconfig */ = {isa = PBXFileReference; includeInIndex = 1; lastKnownFileType = text.xcconfig; name = "Pods-AppiumSwiftClientUnitTests.release.xcconfig"; path = "Pods/Target Support Files/Pods-AppiumSwiftClientUnitTests/Pods-AppiumSwiftClientUnitTests.release.xcconfig"; sourceTree = "<group>"; };
		89DEB940E024EED2A2C4CC51 /* Pods-AppiumSwiftClientUnitTests.debug.xcconfig */ = {isa = PBXFileReference; includeInIndex = 1; lastKnownFileType = text.xcconfig; name = "Pods-AppiumSwiftClientUnitTests.debug.xcconfig"; path = "Pods/Target Support Files/Pods-AppiumSwiftClientUnitTests/Pods-AppiumSwiftClientUnitTests.debug.xcconfig"; sourceTree = "<group>"; };
		9E2E8A03DADC2F287C3F2517 /* Pods-AppiumSwiftClient.release.xcconfig */ = {isa = PBXFileReference; includeInIndex = 1; lastKnownFileType = text.xcconfig; name = "Pods-AppiumSwiftClient.release.xcconfig"; path = "Pods/Target Support Files/Pods-AppiumSwiftClient/Pods-AppiumSwiftClient.release.xcconfig"; sourceTree = "<group>"; };
		A6E6ECFC48DFA5AE5D6A70AC /* Pods_AppiumFuncTests.framework */ = {isa = PBXFileReference; explicitFileType = wrapper.framework; includeInIndex = 0; path = Pods_AppiumFuncTests.framework; sourceTree = BUILT_PRODUCTS_DIR; };
		B97571B30B80D0F7CDF96796 /* Pods_AppiumSwiftClient.framework */ = {isa = PBXFileReference; explicitFileType = wrapper.framework; includeInIndex = 0; path = Pods_AppiumSwiftClient.framework; sourceTree = BUILT_PRODUCTS_DIR; };
/* End PBXFileReference section */

/* Begin PBXFrameworksBuildPhase section */
		7252E19A21A29C4D000B5855 /* Frameworks */ = {
			isa = PBXFrameworksBuildPhase;
			buildActionMask = 2147483647;
			files = (
				7252E1A221A29C4D000B5855 /* libAppiumSwiftClient.a in Frameworks */,
				B56734569980A912ACF56DD3 /* Pods_AppiumFuncTests.framework in Frameworks */,
			);
			runOnlyForDeploymentPostprocessing = 0;
		};
		726196822194929600730A67 /* Frameworks */ = {
			isa = PBXFrameworksBuildPhase;
			buildActionMask = 2147483647;
			files = (
				E28580FF8C70AAAB238380C8 /* Pods_AppiumSwiftClient.framework in Frameworks */,
			);
			runOnlyForDeploymentPostprocessing = 0;
		};
		726196902194948900730A67 /* Frameworks */ = {
			isa = PBXFrameworksBuildPhase;
			buildActionMask = 2147483647;
			files = (
				726196982194948900730A67 /* libAppiumSwiftClient.a in Frameworks */,
				EC5272DF704D29C639E20678 /* Pods_AppiumSwiftClientUnitTests.framework in Frameworks */,
			);
			runOnlyForDeploymentPostprocessing = 0;
		};
/* End PBXFrameworksBuildPhase section */

/* Begin PBXGroup section */
		07F8318DD70CA51EB2BD6858 /* Pods */ = {
			isa = PBXGroup;
			children = (
				43A7477AF1A78BA50897D0F9 /* Pods-AppiumSwiftClient.debug.xcconfig */,
				9E2E8A03DADC2F287C3F2517 /* Pods-AppiumSwiftClient.release.xcconfig */,
				89DEB940E024EED2A2C4CC51 /* Pods-AppiumSwiftClientUnitTests.debug.xcconfig */,
				829351B1E5E17CE108DB2E0E /* Pods-AppiumSwiftClientUnitTests.release.xcconfig */,
				7786E63B28F1CA6CB9369CAD /* Pods-AppiumFuncTests.debug.xcconfig */,
				6B597A9FB3F011F41EC81483 /* Pods-AppiumFuncTests.release.xcconfig */,
			);
			name = Pods;
			sourceTree = "<group>";
		};
		7252E18F21A25F96000B5855 /* command */ = {
			isa = PBXGroup;
			children = (
				7252E19021A25FA1000B5855 /* W3C */,
			);
			path = command;
			sourceTree = "<group>";
		};
		7252E19021A25FA1000B5855 /* W3C */ = {
			isa = PBXGroup;
			children = (
				7252E1B021A43307000B5855 /* FindElementTests.swift */,
				7252E1B221A43C96000B5855 /* FindElementsTests.swift */,
				7252E19121A25FB8000B5855 /* CreateSessionTests.swift */,
				7252E19521A261AA000B5855 /* GetCapabilitiesTests.swift */,
				7252E1B421A4407A000B5855 /* ClickTests.swift */,
			);
			path = W3C;
			sourceTree = "<group>";
		};
		7252E19E21A29C4D000B5855 /* AppiumFuncTests */ = {
			isa = PBXGroup;
			children = (
				7252E1AB21A2A19B000B5855 /* app */,
				7252E19F21A29C4D000B5855 /* AppiumFuncTests.swift */,
				7252E1A121A29C4D000B5855 /* Info.plist */,
			);
			path = AppiumFuncTests;
			sourceTree = "<group>";
		};
		7252E1AB21A2A19B000B5855 /* app */ = {
			isa = PBXGroup;
			children = (
				7252E1AC21A2A19B000B5855 /* UICatalog.app.zip */,
			);
			path = app;
			sourceTree = "<group>";
		};
		7261967C2194929600730A67 = {
			isa = PBXGroup;
			children = (
				726196872194929600730A67 /* AppiumSwiftClient */,
				726196942194948900730A67 /* AppiumSwiftClientUnitTests */,
				7252E19E21A29C4D000B5855 /* AppiumFuncTests */,
				726196862194929600730A67 /* Products */,
				07F8318DD70CA51EB2BD6858 /* Pods */,
				8F5497D68ACFEB93BCF5B486 /* Frameworks */,
			);
			sourceTree = "<group>";
		};
		726196862194929600730A67 /* Products */ = {
			isa = PBXGroup;
			children = (
				726196852194929600730A67 /* libAppiumSwiftClient.a */,
				726196932194948900730A67 /* AppiumSwiftClientUnitTests.xctest */,
				7252E19D21A29C4D000B5855 /* AppiumFuncTests.xctest */,
			);
			name = Products;
			sourceTree = "<group>";
		};
		726196872194929600730A67 /* AppiumSwiftClient */ = {
			isa = PBXGroup;
			children = (
				726196A9219977BE00730A67 /* command */,
				7261969F219495F300730A67 /* common */,
				726196882194929600730A67 /* AppiumSwiftClient.swift */,
			);
			path = AppiumSwiftClient;
			sourceTree = "<group>";
		};
		726196942194948900730A67 /* AppiumSwiftClientUnitTests */ = {
			isa = PBXGroup;
			children = (
				7252E18F21A25F96000B5855 /* command */,
				726196A2219499AD00730A67 /* common */,
				726196952194948900730A67 /* AppiumSwiftClientUnitTests.swift */,
				726196972194948900730A67 /* Info.plist */,
				7252E19321A260EC000B5855 /* AppiumSwiftClientTestBase.swift */,
			);
			path = AppiumSwiftClientUnitTests;
			sourceTree = "<group>";
		};
		7261969F219495F300730A67 /* common */ = {
			isa = PBXGroup;
			children = (
				726196C4219D35C700730A67 /* error */,
				726196AE219978EF00730A67 /* http */,
				726196A02194960D00730A67 /* Capabilities.swift */,
				726196A52195187F00730A67 /* driver.swift */,
				726196B62199C1C900730A67 /* SearchContext.swift */,
				726196BA2199C90E00730A67 /* Session.swift */,
				726196BC2199D67900730A67 /* Element.swift */,
			);
			path = common;
			sourceTree = "<group>";
		};
		726196A2219499AD00730A67 /* common */ = {
			isa = PBXGroup;
			children = (
				726196A3219499C400730A67 /* CapabilitiesTests.swift */,
				726196A721952CF300730A67 /* DriverTest.swift */,
			);
			path = common;
			sourceTree = "<group>";
		};
		726196A9219977BE00730A67 /* command */ = {
			isa = PBXGroup;
			children = (
				726196AC2199780800730A67 /* W3CCommands.swift */,
				726196B42199BF9800730A67 /* CommandProtocol.swift */,
				726196C2219D30FA00730A67 /* CommandParamProtocol.swift */,
				726196B321998C8B00730A67 /* W3C */,
			);
			path = command;
			sourceTree = "<group>";
		};
		726196AE219978EF00730A67 /* http */ = {
			isa = PBXGroup;
			children = (
				726196AF2199790A00730A67 /* Method.swift */,
				726196B121997E4400730A67 /* Client.swift */,
			);
			path = http;
			sourceTree = "<group>";
		};
		726196B321998C8B00730A67 /* W3C */ = {
			isa = PBXGroup;
			children = (
				726196AA219977D600730A67 /* CreateSession.swift */,
				726196B82199C28300730A67 /* FindElement.swift */,
				726196C821A17B6C00730A67 /* FindElements.swift */,
				726196BE2199D75700730A67 /* Click.swift */,
				726196CA21A193CD00730A67 /* FindElementHelper.swift */,
				72686A9A21A1B3670042D385 /* GetCapabilities.swift */,
			);
			path = W3C;
			sourceTree = "<group>";
		};
		726196C4219D35C700730A67 /* error */ = {
			isa = PBXGroup;
			children = (
				726196C0219A993E00730A67 /* WebDriverErrorEnum.swift */,
				726196C5219D35F700730A67 /* WebDriverError.swift */,
			);
			path = error;
			sourceTree = "<group>";
		};
		8F5497D68ACFEB93BCF5B486 /* Frameworks */ = {
			isa = PBXGroup;
			children = (
				B97571B30B80D0F7CDF96796 /* Pods_AppiumSwiftClient.framework */,
				4C4D6C775222B615F1F73876 /* Pods_AppiumSwiftClientUnitTests.framework */,
				A6E6ECFC48DFA5AE5D6A70AC /* Pods_AppiumFuncTests.framework */,
			);
			name = Frameworks;
			sourceTree = "<group>";
		};
/* End PBXGroup section */

/* Begin PBXNativeTarget section */
		7252E19C21A29C4D000B5855 /* AppiumFuncTests */ = {
			isa = PBXNativeTarget;
			buildConfigurationList = 7252E1A721A29C4D000B5855 /* Build configuration list for PBXNativeTarget "AppiumFuncTests" */;
			buildPhases = (
				1BF411A3463656DC2CECB0DA /* [CP] Check Pods Manifest.lock */,
				7252E19921A29C4D000B5855 /* Sources */,
				7252E19A21A29C4D000B5855 /* Frameworks */,
				7252E19B21A29C4D000B5855 /* Resources */,
				7252E1A821A29C58000B5855 /* ShellScript */,
				37597EDADA6DC7E0A76AC13F /* [CP] Embed Pods Frameworks */,
			);
			buildRules = (
			);
			dependencies = (
				7252E1A421A29C4D000B5855 /* PBXTargetDependency */,
			);
			name = AppiumFuncTests;
			productName = AppiumFuncTests;
			productReference = 7252E19D21A29C4D000B5855 /* AppiumFuncTests.xctest */;
			productType = "com.apple.product-type.bundle.unit-test";
		};
		726196842194929600730A67 /* AppiumSwiftClient */ = {
			isa = PBXNativeTarget;
			buildConfigurationList = 7261968C2194929600730A67 /* Build configuration list for PBXNativeTarget "AppiumSwiftClient" */;
			buildPhases = (
				D868DA672525A63CC99BCD60 /* [CP] Check Pods Manifest.lock */,
				726196812194929600730A67 /* Sources */,
				726196822194929600730A67 /* Frameworks */,
				726196832194929600730A67 /* CopyFiles */,
				7252E19721A27435000B5855 /* ShellScript */,
			);
			buildRules = (
			);
			dependencies = (
			);
			name = AppiumSwiftClient;
			productName = AppiumSwiftClient;
			productReference = 726196852194929600730A67 /* libAppiumSwiftClient.a */;
			productType = "com.apple.product-type.library.static";
		};
		726196922194948900730A67 /* AppiumSwiftClientUnitTests */ = {
			isa = PBXNativeTarget;
			buildConfigurationList = 7261969B2194948900730A67 /* Build configuration list for PBXNativeTarget "AppiumSwiftClientUnitTests" */;
			buildPhases = (
				4B09FFE989A431A2E301501D /* [CP] Check Pods Manifest.lock */,
				7261968F2194948900730A67 /* Sources */,
				726196902194948900730A67 /* Frameworks */,
				726196912194948900730A67 /* Resources */,
				4A07048C9EC8E8006BFD9DAB /* [CP] Embed Pods Frameworks */,
				7252E19821A27464000B5855 /* ShellScript */,
			);
			buildRules = (
			);
			dependencies = (
				7261969A2194948900730A67 /* PBXTargetDependency */,
			);
			name = AppiumSwiftClientUnitTests;
			productName = AppiumSwiftClientUnitTests;
			productReference = 726196932194948900730A67 /* AppiumSwiftClientUnitTests.xctest */;
			productType = "com.apple.product-type.bundle.unit-test";
		};
/* End PBXNativeTarget section */

/* Begin PBXProject section */
		7261967D2194929600730A67 /* Project object */ = {
			isa = PBXProject;
			attributes = {
				LastSwiftUpdateCheck = 1010;
				LastUpgradeCheck = 1010;
				ORGANIZATIONNAME = KazuCocoa;
				TargetAttributes = {
					7252E19C21A29C4D000B5855 = {
						CreatedOnToolsVersion = 10.1;
					};
					726196842194929600730A67 = {
						CreatedOnToolsVersion = 10.1;
					};
					726196922194948900730A67 = {
						CreatedOnToolsVersion = 10.1;
					};
				};
			};
			buildConfigurationList = 726196802194929600730A67 /* Build configuration list for PBXProject "AppiumSwiftClient" */;
			compatibilityVersion = "Xcode 9.3";
			developmentRegion = en;
			hasScannedForEncodings = 0;
			knownRegions = (
				en,
			);
			mainGroup = 7261967C2194929600730A67;
			productRefGroup = 726196862194929600730A67 /* Products */;
			projectDirPath = "";
			projectRoot = "";
			targets = (
				726196842194929600730A67 /* AppiumSwiftClient */,
				726196922194948900730A67 /* AppiumSwiftClientUnitTests */,
				7252E19C21A29C4D000B5855 /* AppiumFuncTests */,
			);
		};
/* End PBXProject section */

/* Begin PBXResourcesBuildPhase section */
		7252E19B21A29C4D000B5855 /* Resources */ = {
			isa = PBXResourcesBuildPhase;
			buildActionMask = 2147483647;
			files = (
				7252E1AD21A2A19B000B5855 /* UICatalog.app.zip in Resources */,
			);
			runOnlyForDeploymentPostprocessing = 0;
		};
		726196912194948900730A67 /* Resources */ = {
			isa = PBXResourcesBuildPhase;
			buildActionMask = 2147483647;
			files = (
			);
			runOnlyForDeploymentPostprocessing = 0;
		};
/* End PBXResourcesBuildPhase section */

/* Begin PBXShellScriptBuildPhase section */
		1BF411A3463656DC2CECB0DA /* [CP] Check Pods Manifest.lock */ = {
			isa = PBXShellScriptBuildPhase;
			buildActionMask = 2147483647;
			files = (
			);
			inputFileListPaths = (
			);
			inputPaths = (
				"${PODS_PODFILE_DIR_PATH}/Podfile.lock",
				"${PODS_ROOT}/Manifest.lock",
			);
			name = "[CP] Check Pods Manifest.lock";
			outputFileListPaths = (
			);
			outputPaths = (
				"$(DERIVED_FILE_DIR)/Pods-AppiumFuncTests-checkManifestLockResult.txt",
			);
			runOnlyForDeploymentPostprocessing = 0;
			shellPath = /bin/sh;
			shellScript = "diff \"${PODS_PODFILE_DIR_PATH}/Podfile.lock\" \"${PODS_ROOT}/Manifest.lock\" > /dev/null\nif [ $? != 0 ] ; then\n    # print error to STDERR\n    echo \"error: The sandbox is not in sync with the Podfile.lock. Run 'pod install' or update your CocoaPods installation.\" >&2\n    exit 1\nfi\n# This output is used by Xcode 'outputs' to avoid re-running this script phase.\necho \"SUCCESS\" > \"${SCRIPT_OUTPUT_FILE_0}\"\n";
			showEnvVarsInLog = 0;
		};
		37597EDADA6DC7E0A76AC13F /* [CP] Embed Pods Frameworks */ = {
			isa = PBXShellScriptBuildPhase;
			buildActionMask = 2147483647;
			files = (
			);
			inputFileListPaths = (
			);
			inputPaths = (
				"${SRCROOT}/Pods/Target Support Files/Pods-AppiumFuncTests/Pods-AppiumFuncTests-frameworks.sh",
				"${BUILT_PRODUCTS_DIR}/Mockingjay/Mockingjay.framework",
				"${BUILT_PRODUCTS_DIR}/URITemplate/URITemplate.framework",
			);
			name = "[CP] Embed Pods Frameworks";
			outputFileListPaths = (
			);
			outputPaths = (
				"${TARGET_BUILD_DIR}/${FRAMEWORKS_FOLDER_PATH}/Mockingjay.framework",
				"${TARGET_BUILD_DIR}/${FRAMEWORKS_FOLDER_PATH}/URITemplate.framework",
			);
			runOnlyForDeploymentPostprocessing = 0;
			shellPath = /bin/sh;
			shellScript = "\"${SRCROOT}/Pods/Target Support Files/Pods-AppiumFuncTests/Pods-AppiumFuncTests-frameworks.sh\"\n";
			showEnvVarsInLog = 0;
		};
		4A07048C9EC8E8006BFD9DAB /* [CP] Embed Pods Frameworks */ = {
			isa = PBXShellScriptBuildPhase;
			buildActionMask = 2147483647;
			files = (
			);
			inputFileListPaths = (
			);
			inputPaths = (
				"${SRCROOT}/Pods/Target Support Files/Pods-AppiumSwiftClientUnitTests/Pods-AppiumSwiftClientUnitTests-frameworks.sh",
				"${BUILT_PRODUCTS_DIR}/Mockingjay/Mockingjay.framework",
				"${BUILT_PRODUCTS_DIR}/URITemplate/URITemplate.framework",
			);
			name = "[CP] Embed Pods Frameworks";
			outputFileListPaths = (
			);
			outputPaths = (
				"${TARGET_BUILD_DIR}/${FRAMEWORKS_FOLDER_PATH}/Mockingjay.framework",
				"${TARGET_BUILD_DIR}/${FRAMEWORKS_FOLDER_PATH}/URITemplate.framework",
			);
			runOnlyForDeploymentPostprocessing = 0;
			shellPath = /bin/sh;
			shellScript = "\"${SRCROOT}/Pods/Target Support Files/Pods-AppiumSwiftClientUnitTests/Pods-AppiumSwiftClientUnitTests-frameworks.sh\"\n";
			showEnvVarsInLog = 0;
		};
		4B09FFE989A431A2E301501D /* [CP] Check Pods Manifest.lock */ = {
			isa = PBXShellScriptBuildPhase;
			buildActionMask = 2147483647;
			files = (
			);
			inputFileListPaths = (
			);
			inputPaths = (
				"${PODS_PODFILE_DIR_PATH}/Podfile.lock",
				"${PODS_ROOT}/Manifest.lock",
			);
			name = "[CP] Check Pods Manifest.lock";
			outputFileListPaths = (
			);
			outputPaths = (
				"$(DERIVED_FILE_DIR)/Pods-AppiumSwiftClientUnitTests-checkManifestLockResult.txt",
			);
			runOnlyForDeploymentPostprocessing = 0;
			shellPath = /bin/sh;
			shellScript = "diff \"${PODS_PODFILE_DIR_PATH}/Podfile.lock\" \"${PODS_ROOT}/Manifest.lock\" > /dev/null\nif [ $? != 0 ] ; then\n    # print error to STDERR\n    echo \"error: The sandbox is not in sync with the Podfile.lock. Run 'pod install' or update your CocoaPods installation.\" >&2\n    exit 1\nfi\n# This output is used by Xcode 'outputs' to avoid re-running this script phase.\necho \"SUCCESS\" > \"${SCRIPT_OUTPUT_FILE_0}\"\n";
			showEnvVarsInLog = 0;
		};
		7252E19721A27435000B5855 /* ShellScript */ = {
			isa = PBXShellScriptBuildPhase;
			buildActionMask = 2147483647;
			files = (
			);
			inputFileListPaths = (
			);
			inputPaths = (
			);
			outputFileListPaths = (
			);
			outputPaths = (
			);
			runOnlyForDeploymentPostprocessing = 0;
			shellPath = /bin/sh;
			shellScript = "\"${PODS_ROOT}/SwiftLint/swiftlint\"\n";
		};
		7252E19821A27464000B5855 /* ShellScript */ = {
			isa = PBXShellScriptBuildPhase;
			buildActionMask = 2147483647;
			files = (
			);
			inputFileListPaths = (
			);
			inputPaths = (
			);
			outputFileListPaths = (
			);
			outputPaths = (
			);
			runOnlyForDeploymentPostprocessing = 0;
			shellPath = /bin/sh;
			shellScript = "\"${PODS_ROOT}/SwiftLint/swiftlint\"\n";
		};
		7252E1A821A29C58000B5855 /* ShellScript */ = {
			isa = PBXShellScriptBuildPhase;
			buildActionMask = 2147483647;
			files = (
			);
			inputFileListPaths = (
			);
			inputPaths = (
			);
			outputFileListPaths = (
			);
			outputPaths = (
			);
			runOnlyForDeploymentPostprocessing = 0;
			shellPath = /bin/sh;
			shellScript = "\"${PODS_ROOT}/SwiftLint/swiftlint\"\n";
		};
		D868DA672525A63CC99BCD60 /* [CP] Check Pods Manifest.lock */ = {
			isa = PBXShellScriptBuildPhase;
			buildActionMask = 2147483647;
			files = (
			);
			inputFileListPaths = (
			);
			inputPaths = (
				"${PODS_PODFILE_DIR_PATH}/Podfile.lock",
				"${PODS_ROOT}/Manifest.lock",
			);
			name = "[CP] Check Pods Manifest.lock";
			outputFileListPaths = (
			);
			outputPaths = (
				"$(DERIVED_FILE_DIR)/Pods-AppiumSwiftClient-checkManifestLockResult.txt",
			);
			runOnlyForDeploymentPostprocessing = 0;
			shellPath = /bin/sh;
			shellScript = "diff \"${PODS_PODFILE_DIR_PATH}/Podfile.lock\" \"${PODS_ROOT}/Manifest.lock\" > /dev/null\nif [ $? != 0 ] ; then\n    # print error to STDERR\n    echo \"error: The sandbox is not in sync with the Podfile.lock. Run 'pod install' or update your CocoaPods installation.\" >&2\n    exit 1\nfi\n# This output is used by Xcode 'outputs' to avoid re-running this script phase.\necho \"SUCCESS\" > \"${SCRIPT_OUTPUT_FILE_0}\"\n";
			showEnvVarsInLog = 0;
		};
/* End PBXShellScriptBuildPhase section */

/* Begin PBXSourcesBuildPhase section */
		7252E19921A29C4D000B5855 /* Sources */ = {
			isa = PBXSourcesBuildPhase;
			buildActionMask = 2147483647;
			files = (
				7252E1A021A29C4D000B5855 /* AppiumFuncTests.swift in Sources */,
			);
			runOnlyForDeploymentPostprocessing = 0;
		};
		726196812194929600730A67 /* Sources */ = {
			isa = PBXSourcesBuildPhase;
			buildActionMask = 2147483647;
			files = (
				726196892194929600730A67 /* AppiumSwiftClient.swift in Sources */,
				726196B72199C1C900730A67 /* SearchContext.swift in Sources */,
				726196BD2199D67900730A67 /* Element.swift in Sources */,
				726196C6219D35F700730A67 /* WebDriverError.swift in Sources */,
				726196B52199BF9800730A67 /* CommandProtocol.swift in Sources */,
				726196BF2199D75700730A67 /* Click.swift in Sources */,
				726196B92199C28300730A67 /* FindElement.swift in Sources */,
				726196CB21A193CD00730A67 /* FindElementHelper.swift in Sources */,
				726196B221997E4400730A67 /* Client.swift in Sources */,
				726196A62195187F00730A67 /* driver.swift in Sources */,
				72686A9B21A1B3670042D385 /* GetCapabilities.swift in Sources */,
				726196C1219A993E00730A67 /* WebDriverErrorEnum.swift in Sources */,
				726196B02199790A00730A67 /* Method.swift in Sources */,
				726196C3219D30FA00730A67 /* CommandParamProtocol.swift in Sources */,
				726196BB2199C90E00730A67 /* Session.swift in Sources */,
				726196AB219977D600730A67 /* CreateSession.swift in Sources */,
				726196AD2199780800730A67 /* W3CCommands.swift in Sources */,
				726196C921A17B6C00730A67 /* FindElements.swift in Sources */,
				726196A12194960D00730A67 /* Capabilities.swift in Sources */,
			);
			runOnlyForDeploymentPostprocessing = 0;
		};
		7261968F2194948900730A67 /* Sources */ = {
			isa = PBXSourcesBuildPhase;
			buildActionMask = 2147483647;
			files = (
				7252E1B121A43307000B5855 /* FindElementTests.swift in Sources */,
				726196962194948900730A67 /* AppiumSwiftClientUnitTests.swift in Sources */,
				7252E19421A260EC000B5855 /* AppiumSwiftClientTestBase.swift in Sources */,
				7252E1B321A43C96000B5855 /* FindElementsTests.swift in Sources */,
				7252E1B521A4407A000B5855 /* ClickTests.swift in Sources */,
				7252E19621A261AA000B5855 /* GetCapabilitiesTests.swift in Sources */,
				726196A4219499C400730A67 /* CapabilitiesTests.swift in Sources */,
				7252E19221A25FB8000B5855 /* CreateSessionTests.swift in Sources */,
				726196A821952CF300730A67 /* DriverTest.swift in Sources */,
			);
			runOnlyForDeploymentPostprocessing = 0;
		};
/* End PBXSourcesBuildPhase section */

/* Begin PBXTargetDependency section */
		7252E1A421A29C4D000B5855 /* PBXTargetDependency */ = {
			isa = PBXTargetDependency;
			target = 726196842194929600730A67 /* AppiumSwiftClient */;
			targetProxy = 7252E1A321A29C4D000B5855 /* PBXContainerItemProxy */;
		};
		7261969A2194948900730A67 /* PBXTargetDependency */ = {
			isa = PBXTargetDependency;
			target = 726196842194929600730A67 /* AppiumSwiftClient */;
			targetProxy = 726196992194948900730A67 /* PBXContainerItemProxy */;
		};
/* End PBXTargetDependency section */

/* Begin XCBuildConfiguration section */
		7252E1A521A29C4D000B5855 /* Debug */ = {
			isa = XCBuildConfiguration;
			baseConfigurationReference = 7786E63B28F1CA6CB9369CAD /* Pods-AppiumFuncTests.debug.xcconfig */;
			buildSettings = {
				CODE_SIGN_STYLE = Automatic;
				DEVELOPMENT_TEAM = 47PCFA586Q;
				INFOPLIST_FILE = AppiumFuncTests/Info.plist;
				IPHONEOS_DEPLOYMENT_TARGET = 12.1;
				LD_RUNPATH_SEARCH_PATHS = (
					"$(inherited)",
					"@executable_path/Frameworks",
					"@loader_path/Frameworks",
				);
				PRODUCT_BUNDLE_IDENTIFIER = com.kazucocoa.AppiumFuncTests;
				PRODUCT_NAME = "$(TARGET_NAME)";
				SWIFT_VERSION = 4.2;
				TARGETED_DEVICE_FAMILY = "1,2";
			};
			name = Debug;
		};
		7252E1A621A29C4D000B5855 /* Release */ = {
			isa = XCBuildConfiguration;
			baseConfigurationReference = 6B597A9FB3F011F41EC81483 /* Pods-AppiumFuncTests.release.xcconfig */;
			buildSettings = {
				CODE_SIGN_STYLE = Automatic;
				DEVELOPMENT_TEAM = 47PCFA586Q;
				INFOPLIST_FILE = AppiumFuncTests/Info.plist;
				IPHONEOS_DEPLOYMENT_TARGET = 12.1;
				LD_RUNPATH_SEARCH_PATHS = (
					"$(inherited)",
					"@executable_path/Frameworks",
					"@loader_path/Frameworks",
				);
				PRODUCT_BUNDLE_IDENTIFIER = com.kazucocoa.AppiumFuncTests;
				PRODUCT_NAME = "$(TARGET_NAME)";
				SWIFT_VERSION = 4.2;
				TARGETED_DEVICE_FAMILY = "1,2";
			};
			name = Release;
		};
		7261968A2194929600730A67 /* Debug */ = {
			isa = XCBuildConfiguration;
			buildSettings = {
				ALWAYS_SEARCH_USER_PATHS = NO;
				CLANG_ANALYZER_NONNULL = YES;
				CLANG_ANALYZER_NUMBER_OBJECT_CONVERSION = YES_AGGRESSIVE;
				CLANG_CXX_LANGUAGE_STANDARD = "gnu++14";
				CLANG_CXX_LIBRARY = "libc++";
				CLANG_ENABLE_MODULES = YES;
				CLANG_ENABLE_OBJC_ARC = YES;
				CLANG_ENABLE_OBJC_WEAK = YES;
				CLANG_WARN_BLOCK_CAPTURE_AUTORELEASING = YES;
				CLANG_WARN_BOOL_CONVERSION = YES;
				CLANG_WARN_COMMA = YES;
				CLANG_WARN_CONSTANT_CONVERSION = YES;
				CLANG_WARN_DEPRECATED_OBJC_IMPLEMENTATIONS = YES;
				CLANG_WARN_DIRECT_OBJC_ISA_USAGE = YES_ERROR;
				CLANG_WARN_DOCUMENTATION_COMMENTS = YES;
				CLANG_WARN_EMPTY_BODY = YES;
				CLANG_WARN_ENUM_CONVERSION = YES;
				CLANG_WARN_INFINITE_RECURSION = YES;
				CLANG_WARN_INT_CONVERSION = YES;
				CLANG_WARN_NON_LITERAL_NULL_CONVERSION = YES;
				CLANG_WARN_OBJC_IMPLICIT_RETAIN_SELF = YES;
				CLANG_WARN_OBJC_LITERAL_CONVERSION = YES;
				CLANG_WARN_OBJC_ROOT_CLASS = YES_ERROR;
				CLANG_WARN_RANGE_LOOP_ANALYSIS = YES;
				CLANG_WARN_STRICT_PROTOTYPES = YES;
				CLANG_WARN_SUSPICIOUS_MOVE = YES;
				CLANG_WARN_UNGUARDED_AVAILABILITY = YES_AGGRESSIVE;
				CLANG_WARN_UNREACHABLE_CODE = YES;
				CLANG_WARN__DUPLICATE_METHOD_MATCH = YES;
				CODE_SIGN_IDENTITY = "iPhone Developer";
				COPY_PHASE_STRIP = NO;
				DEBUG_INFORMATION_FORMAT = dwarf;
				ENABLE_STRICT_OBJC_MSGSEND = YES;
				ENABLE_TESTABILITY = YES;
				GCC_C_LANGUAGE_STANDARD = gnu11;
				GCC_DYNAMIC_NO_PIC = NO;
				GCC_NO_COMMON_BLOCKS = YES;
				GCC_OPTIMIZATION_LEVEL = 0;
				GCC_PREPROCESSOR_DEFINITIONS = (
					"DEBUG=1",
					"$(inherited)",
				);
				GCC_WARN_64_TO_32_BIT_CONVERSION = YES;
				GCC_WARN_ABOUT_RETURN_TYPE = YES_ERROR;
				GCC_WARN_UNDECLARED_SELECTOR = YES;
				GCC_WARN_UNINITIALIZED_AUTOS = YES_AGGRESSIVE;
				GCC_WARN_UNUSED_FUNCTION = YES;
				GCC_WARN_UNUSED_VARIABLE = YES;
				IPHONEOS_DEPLOYMENT_TARGET = 11.0;
				MTL_ENABLE_DEBUG_INFO = INCLUDE_SOURCE;
				MTL_FAST_MATH = YES;
				ONLY_ACTIVE_ARCH = YES;
				SDKROOT = iphoneos;
				SWIFT_ACTIVE_COMPILATION_CONDITIONS = DEBUG;
				SWIFT_OPTIMIZATION_LEVEL = "-Onone";
			};
			name = Debug;
		};
		7261968B2194929600730A67 /* Release */ = {
			isa = XCBuildConfiguration;
			buildSettings = {
				ALWAYS_SEARCH_USER_PATHS = NO;
				CLANG_ANALYZER_NONNULL = YES;
				CLANG_ANALYZER_NUMBER_OBJECT_CONVERSION = YES_AGGRESSIVE;
				CLANG_CXX_LANGUAGE_STANDARD = "gnu++14";
				CLANG_CXX_LIBRARY = "libc++";
				CLANG_ENABLE_MODULES = YES;
				CLANG_ENABLE_OBJC_ARC = YES;
				CLANG_ENABLE_OBJC_WEAK = YES;
				CLANG_WARN_BLOCK_CAPTURE_AUTORELEASING = YES;
				CLANG_WARN_BOOL_CONVERSION = YES;
				CLANG_WARN_COMMA = YES;
				CLANG_WARN_CONSTANT_CONVERSION = YES;
				CLANG_WARN_DEPRECATED_OBJC_IMPLEMENTATIONS = YES;
				CLANG_WARN_DIRECT_OBJC_ISA_USAGE = YES_ERROR;
				CLANG_WARN_DOCUMENTATION_COMMENTS = YES;
				CLANG_WARN_EMPTY_BODY = YES;
				CLANG_WARN_ENUM_CONVERSION = YES;
				CLANG_WARN_INFINITE_RECURSION = YES;
				CLANG_WARN_INT_CONVERSION = YES;
				CLANG_WARN_NON_LITERAL_NULL_CONVERSION = YES;
				CLANG_WARN_OBJC_IMPLICIT_RETAIN_SELF = YES;
				CLANG_WARN_OBJC_LITERAL_CONVERSION = YES;
				CLANG_WARN_OBJC_ROOT_CLASS = YES_ERROR;
				CLANG_WARN_RANGE_LOOP_ANALYSIS = YES;
				CLANG_WARN_STRICT_PROTOTYPES = YES;
				CLANG_WARN_SUSPICIOUS_MOVE = YES;
				CLANG_WARN_UNGUARDED_AVAILABILITY = YES_AGGRESSIVE;
				CLANG_WARN_UNREACHABLE_CODE = YES;
				CLANG_WARN__DUPLICATE_METHOD_MATCH = YES;
				CODE_SIGN_IDENTITY = "iPhone Developer";
				COPY_PHASE_STRIP = NO;
				DEBUG_INFORMATION_FORMAT = "dwarf-with-dsym";
				ENABLE_NS_ASSERTIONS = NO;
				ENABLE_STRICT_OBJC_MSGSEND = YES;
				GCC_C_LANGUAGE_STANDARD = gnu11;
				GCC_NO_COMMON_BLOCKS = YES;
				GCC_WARN_64_TO_32_BIT_CONVERSION = YES;
				GCC_WARN_ABOUT_RETURN_TYPE = YES_ERROR;
				GCC_WARN_UNDECLARED_SELECTOR = YES;
				GCC_WARN_UNINITIALIZED_AUTOS = YES_AGGRESSIVE;
				GCC_WARN_UNUSED_FUNCTION = YES;
				GCC_WARN_UNUSED_VARIABLE = YES;
				IPHONEOS_DEPLOYMENT_TARGET = 11.0;
				MTL_ENABLE_DEBUG_INFO = NO;
				MTL_FAST_MATH = YES;
				SDKROOT = iphoneos;
				SWIFT_COMPILATION_MODE = wholemodule;
				SWIFT_OPTIMIZATION_LEVEL = "-O";
				VALIDATE_PRODUCT = YES;
			};
			name = Release;
		};
		7261968D2194929600730A67 /* Debug */ = {
			isa = XCBuildConfiguration;
			baseConfigurationReference = 43A7477AF1A78BA50897D0F9 /* Pods-AppiumSwiftClient.debug.xcconfig */;
			buildSettings = {
				CODE_SIGN_STYLE = Automatic;
				DEVELOPMENT_TEAM = 47PCFA586Q;
				OTHER_LDFLAGS = "-ObjC";
				PRODUCT_NAME = "$(TARGET_NAME)";
				SKIP_INSTALL = YES;
				SWIFT_VERSION = 4.2;
				TARGETED_DEVICE_FAMILY = "1,2";
			};
			name = Debug;
		};
		7261968E2194929600730A67 /* Release */ = {
			isa = XCBuildConfiguration;
			baseConfigurationReference = 9E2E8A03DADC2F287C3F2517 /* Pods-AppiumSwiftClient.release.xcconfig */;
			buildSettings = {
				CODE_SIGN_STYLE = Automatic;
				DEVELOPMENT_TEAM = 47PCFA586Q;
				OTHER_LDFLAGS = "-ObjC";
				PRODUCT_NAME = "$(TARGET_NAME)";
				SKIP_INSTALL = YES;
				SWIFT_VERSION = 4.2;
				TARGETED_DEVICE_FAMILY = "1,2";
			};
			name = Release;
		};
		7261969C2194948900730A67 /* Debug */ = {
			isa = XCBuildConfiguration;
			baseConfigurationReference = 89DEB940E024EED2A2C4CC51 /* Pods-AppiumSwiftClientUnitTests.debug.xcconfig */;
			buildSettings = {
				CODE_SIGN_STYLE = Automatic;
				DEVELOPMENT_TEAM = 47PCFA586Q;
				INFOPLIST_FILE = AppiumSwiftClientUnitTests/Info.plist;
				LD_RUNPATH_SEARCH_PATHS = (
					"$(inherited)",
					"@executable_path/Frameworks",
					"@loader_path/Frameworks",
				);
				PRODUCT_BUNDLE_IDENTIFIER = com.kazucocoa.AppiumSwiftClientUnitTests;
				PRODUCT_NAME = "$(TARGET_NAME)";
				SWIFT_VERSION = 4.2;
				TARGETED_DEVICE_FAMILY = "1,2";
			};
			name = Debug;
		};
		7261969D2194948900730A67 /* Release */ = {
			isa = XCBuildConfiguration;
			baseConfigurationReference = 829351B1E5E17CE108DB2E0E /* Pods-AppiumSwiftClientUnitTests.release.xcconfig */;
			buildSettings = {
				CODE_SIGN_STYLE = Automatic;
				DEVELOPMENT_TEAM = 47PCFA586Q;
				INFOPLIST_FILE = AppiumSwiftClientUnitTests/Info.plist;
				LD_RUNPATH_SEARCH_PATHS = (
					"$(inherited)",
					"@executable_path/Frameworks",
					"@loader_path/Frameworks",
				);
				PRODUCT_BUNDLE_IDENTIFIER = com.kazucocoa.AppiumSwiftClientUnitTests;
				PRODUCT_NAME = "$(TARGET_NAME)";
				SWIFT_VERSION = 4.2;
				TARGETED_DEVICE_FAMILY = "1,2";
			};
			name = Release;
		};
/* End XCBuildConfiguration section */

/* Begin XCConfigurationList section */
		7252E1A721A29C4D000B5855 /* Build configuration list for PBXNativeTarget "AppiumFuncTests" */ = {
			isa = XCConfigurationList;
			buildConfigurations = (
				7252E1A521A29C4D000B5855 /* Debug */,
				7252E1A621A29C4D000B5855 /* Release */,
			);
			defaultConfigurationIsVisible = 0;
			defaultConfigurationName = Release;
		};
		726196802194929600730A67 /* Build configuration list for PBXProject "AppiumSwiftClient" */ = {
			isa = XCConfigurationList;
			buildConfigurations = (
				7261968A2194929600730A67 /* Debug */,
				7261968B2194929600730A67 /* Release */,
			);
			defaultConfigurationIsVisible = 0;
			defaultConfigurationName = Release;
		};
		7261968C2194929600730A67 /* Build configuration list for PBXNativeTarget "AppiumSwiftClient" */ = {
			isa = XCConfigurationList;
			buildConfigurations = (
				7261968D2194929600730A67 /* Debug */,
				7261968E2194929600730A67 /* Release */,
			);
			defaultConfigurationIsVisible = 0;
			defaultConfigurationName = Release;
		};
		7261969B2194948900730A67 /* Build configuration list for PBXNativeTarget "AppiumSwiftClientUnitTests" */ = {
			isa = XCConfigurationList;
			buildConfigurations = (
				7261969C2194948900730A67 /* Debug */,
				7261969D2194948900730A67 /* Release */,
			);
			defaultConfigurationIsVisible = 0;
			defaultConfigurationName = Release;
		};
/* End XCConfigurationList section */
	};
	rootObject = 7261967D2194929600730A67 /* Project object */;
}
